
Microsoft Visual Studio Solution File, Format Version 12.00
# Visual Studio Version 16
VisualStudioVersion = 16.0.30204.135
MinimumVisualStudioVersion = 10.0.40219.1
Project("{FAE04EC0-301F-11D3-BF4B-00C04F79EFBC}") = "ea-parser", "ea-parser.csproj", "{FE4D31AB-5392-4F8C-B2A6-642E34F2AB11}"
EndProject
Global
	GlobalSection(SolutionConfigurationPlatforms) = preSolution
		Debug|Any CPU = Debug|Any CPU
		Release|Any CPU = Release|Any CPU
	EndGlobalSection
	GlobalSection(ProjectConfigurationPlatforms) = postSolution
		{FE4D31AB-5392-4F8C-B2A6-642E34F2AB11}.Debug|Any CPU.ActiveCfg = Debug|Any CPU
		{FE4D31AB-5392-4F8C-B2A6-642E34F2AB11}.Debug|Any CPU.Build.0 = Debug|Any CPU
		{FE4D31AB-5392-4F8C-B2A6-642E34F2AB11}.Release|Any CPU.ActiveCfg = Release|Any CPU
		{FE4D31AB-5392-4F8C-B2A6-642E34F2AB11}.Release|Any CPU.Build.0 = Release|Any CPU
	EndGlobalSection
	GlobalSection(SolutionProperties) = preSolution
		HideSolutionNode = FALSE
	EndGlobalSection
	GlobalSection(ExtensibilityGlobals) = postSolution
		SolutionGuid = {49BF2F79-AD4C-4AAA-81E9-DD0D4514D893}
	EndGlobalSection
EndGlobal
